{
  "name": "hexo-generator-exindex",
  "version": "1.0.0",
  "lockfileVersion": 2,
  "requires": true,
  "packages": {
    "": {
      "name": "hexo-generator-exindex",
      "version": "1.0.0",
      "license": "MIT",
      "dependencies": {
        "hexo-pagination": "^3.0.0",
        "object-assign": "^4.1.1"
      }
    },
    "node_modules/hexo-pagination": {
      "version": "3.0.0",
      "resolved": "https://registry.npmjs.org/hexo-pagination/-/hexo-pagination-3.0.0.tgz",
      "integrity": "sha512-8oo1iozloZo7TojPVYg4IxL3SJKCBdSJ908fTlIxIK7TWJIKdYnQlW31+12DBJ0NhVZA/lZisPObGF08wT8fKw==",
      "engines": {
        "node": ">=14"
      }
    },
    "node_modules/object-assign": {
      "version": "4.1.1",
      "resolved": "https://registry.npmjs.org/object-assign/-/object-assign-4.1.1.tgz",
      "integrity": "sha512-rJgTQnkUnH1sFw8yT6VSU3zD3sWmu6sZhIseY8VX+GRu3P6F7Fu+JNDoXfklElbLJSnc3FUQHVe4cU5hj+BcUg==",
      "engines": {
        "node": ">=0.10.0"
      }
    }
  },
  "dependencies": {
    "hexo-pagination": {
      "version": "3.0.0",
      "resolved": "https://registry.npmjs.org/hexo-pagination/-/hexo-pagination-3.0.0.tgz",
      "integrity": "sha512-8oo1iozloZo7TojPVYg4IxL3SJKCBdSJ908fTlIxIK7TWJIKdYnQlW31+12DBJ0NhVZA/lZisPObGF08wT8fKw=="
    },
    "object-assign": {
      "version": "4.1.1",
      "resolved": "https://registry.npmjs.org/object-assign/-/object-assign-4.1.1.tgz",
      "integrity": "sha512-rJgTQnkUnH1sFw8yT6VSU3zD3sWmu6sZhIseY8VX+GRu3P6F7Fu+JNDoXfklElbLJSnc3FUQHVe4cU5hj+BcUg=="
    }
  }
}
